// !$*UTF8*$!
{
	archiveVersion = 1;
	classes = {
	};
	objectVersion = 56;
	objects = {

/* Begin PBXBuildFile section */
		569219C82AB2F907001E9A58 /* StudentCoreDataApp.swift in Sources */ = {isa = PBXBuildFile; fileRef = 569219C72AB2F907001E9A58 /* StudentCoreDataApp.swift */; };
		569219CA2AB2F907001E9A58 /* ContentView.swift in Sources */ = {isa = PBXBuildFile; fileRef = 569219C92AB2F907001E9A58 /* ContentView.swift */; };
		569219CC2AB2F908001E9A58 /* Assets.xcassets in Resources */ = {isa = PBXBuildFile; fileRef = 569219CB2AB2F908001E9A58 /* Assets.xcassets */; };
		569219CF2AB2F908001E9A58 /* Preview Assets.xcassets in Resources */ = {isa = PBXBuildFile; fileRef = 569219CE2AB2F908001E9A58 /* Preview Assets.xcassets */; };
		569219D92AB2F909001E9A58 /* StudentCoreDataTests.swift in Sources */ = {isa = PBXBuildFile; fileRef = 569219D82AB2F909001E9A58 /* StudentCoreDataTests.swift */; };
		569219E32AB2F909001E9A58 /* StudentCoreDataUITests.swift in Sources */ = {isa = PBXBuildFile; fileRef = 569219E22AB2F909001E9A58 /* StudentCoreDataUITests.swift */; };
		569219E52AB2F909001E9A58 /* StudentCoreDataUITestsLaunchTests.swift in Sources */ = {isa = PBXBuildFile; fileRef = 569219E42AB2F909001E9A58 /* StudentCoreDataUITestsLaunchTests.swift */; };
		569219F32AB2F99A001E9A58 /* StudentCoreDataModel.xcdatamodeld in Sources */ = {isa = PBXBuildFile; fileRef = 569219F12AB2F99A001E9A58 /* StudentCoreDataModel.xcdatamodeld */; };
		569219F52AB3028C001E9A58 /* CoreDataManager.swift in Sources */ = {isa = PBXBuildFile; fileRef = 569219F42AB3028C001E9A58 /* CoreDataManager.swift */; };
		569219F72AB3037A001E9A58 /* StudentDetail.swift in Sources */ = {isa = PBXBuildFile; fileRef = 569219F62AB3037A001E9A58 /* StudentDetail.swift */; };
/* End PBXBuildFile section */

/* Begin PBXContainerItemProxy section */
		569219D52AB2F909001E9A58 /* PBXContainerItemProxy */ = {
			isa = PBXContainerItemProxy;
			containerPortal = 569219BC2AB2F907001E9A58 /* Project object */;
			proxyType = 1;
			remoteGlobalIDString = 569219C32AB2F907001E9A58;
			remoteInfo = StudentCoreData;
		};
		569219DF2AB2F909001E9A58 /* PBXContainerItemProxy */ = {
			isa = PBXContainerItemProxy;
			containerPortal = 569219BC2AB2F907001E9A58 /* Project object */;
			proxyType = 1;
			remoteGlobalIDString = 569219C32AB2F907001E9A58;
			remoteInfo = StudentCoreData;
		};
/* End PBXContainerItemProxy section */

/* Begin PBXFileReference section */
		569219C42AB2F907001E9A58 /* StudentCoreData.app */ = {isa = PBXFileReference; explicitFileType = wrapper.application; includeInIndex = 0; path = StudentCoreData.app; sourceTree = BUILT_PRODUCTS_DIR; };
		569219C72AB2F907001E9A58 /* StudentCoreDataApp.swift */ = {isa = PBXFileReference; lastKnownFileType = sourcecode.swift; path = StudentCoreDataApp.swift; sourceTree = "<group>"; };
		569219C92AB2F907001E9A58 /* ContentView.swift */ = {isa = PBXFileReference; lastKnownFileType = sourcecode.swift; path = ContentView.swift; sourceTree = "<group>"; };
		569219CB2AB2F908001E9A58 /* Assets.xcassets */ = {isa = PBXFileReference; lastKnownFileType = folder.assetcatalog; path = Assets.xcassets; sourceTree = "<group>"; };
		569219CE2AB2F908001E9A58 /* Preview Assets.xcassets */ = {isa = PBXFileReference; lastKnownFileType = folder.assetcatalog; path = "Preview Assets.xcassets"; sourceTree = "<group>"; };
		569219D42AB2F909001E9A58 /* StudentCoreDataTests.xctest */ = {isa = PBXFileReference; explicitFileType = wrapper.cfbundle; includeInIndex = 0; path = StudentCoreDataTests.xctest; sourceTree = BUILT_PRODUCTS_DIR; };
		569219D82AB2F909001E9A58 /* StudentCoreDataTests.swift */ = {isa = PBXFileReference; lastKnownFileType = sourcecode.swift; path = StudentCoreDataTests.swift; sourceTree = "<group>"; };
		569219DE2AB2F909001E9A58 /* StudentCoreDataUITests.xctest */ = {isa = PBXFileReference; explicitFileType = wrapper.cfbundle; includeInIndex = 0; path = StudentCoreDataUITests.xctest; sourceTree = BUILT_PRODUCTS_DIR; };
		569219E22AB2F909001E9A58 /* StudentCoreDataUITests.swift */ = {isa = PBXFileReference; lastKnownFileType = sourcecode.swift; path = StudentCoreDataUITests.swift; sourceTree = "<group>"; };
		569219E42AB2F909001E9A58 /* StudentCoreDataUITestsLaunchTests.swift */ = {isa = PBXFileReference; lastKnownFileType = sourcecode.swift; path = StudentCoreDataUITestsLaunchTests.swift; sourceTree = "<group>"; };
		569219F22AB2F99A001E9A58 /* StudentCoreDataModel.xcdatamodel */ = {isa = PBXFileReference; lastKnownFileType = wrapper.xcdatamodel; path = StudentCoreDataModel.xcdatamodel; sourceTree = "<group>"; };
		569219F42AB3028C001E9A58 /* CoreDataManager.swift */ = {isa = PBXFileReference; lastKnownFileType = sourcecode.swift; path = CoreDataManager.swift; sourceTree = "<group>"; };
		569219F62AB3037A001E9A58 /* StudentDetail.swift */ = {isa = PBXFileReference; lastKnownFileType = sourcecode.swift; path = StudentDetail.swift; sourceTree = "<group>"; };
/* End PBXFileReference section */

/* Begin PBXFrameworksBuildPhase section */
		569219C12AB2F907001E9A58 /* Frameworks */ = {
			isa = PBXFrameworksBuildPhase;
			buildActionMask = 2147483647;
			files = (
			);
			runOnlyForDeploymentPostprocessing = 0;
		};
		569219D12AB2F909001E9A58 /* Frameworks */ = {
			isa = PBXFrameworksBuildPhase;
			buildActionMask = 2147483647;
			files = (
			);
			runOnlyForDeploymentPostprocessing = 0;
		};
		569219DB2AB2F909001E9A58 /* Frameworks */ = {
			isa = PBXFrameworksBuildPhase;
			buildActionMask = 2147483647;
			files = (
			);
			runOnlyForDeploymentPostprocessing = 0;
		};
/* End PBXFrameworksBuildPhase section */

/* Begin PBXGroup section */
		569219BB2AB2F907001E9A58 = {
			isa = PBXGroup;
			children = (
				569219C62AB2F907001E9A58 /* StudentCoreData */,
				569219D72AB2F909001E9A58 /* StudentCoreDataTests */,
				569219E12AB2F909001E9A58 /* StudentCoreDataUITests */,
				569219C52AB2F907001E9A58 /* Products */,
			);
			sourceTree = "<group>";
		};
		569219C52AB2F907001E9A58 /* Products */ = {
			isa = PBXGroup;
			children = (
				569219C42AB2F907001E9A58 /* StudentCoreData.app */,
				569219D42AB2F909001E9A58 /* StudentCoreDataTests.xctest */,
				569219DE2AB2F909001E9A58 /* StudentCoreDataUITests.xctest */,
			);
			name = Products;
			sourceTree = "<group>";
		};
		569219C62AB2F907001E9A58 /* StudentCoreData */ = {
			isa = PBXGroup;
			children = (
				569219C72AB2F907001E9A58 /* StudentCoreDataApp.swift */,
				569219C92AB2F907001E9A58 /* ContentView.swift */,
				569219F62AB3037A001E9A58 /* StudentDetail.swift */,
				569219F12AB2F99A001E9A58 /* StudentCoreDataModel.xcdatamodeld */,
				569219F42AB3028C001E9A58 /* CoreDataManager.swift */,
				569219CB2AB2F908001E9A58 /* Assets.xcassets */,
				569219CD2AB2F908001E9A58 /* Preview Content */,
			);
			path = StudentCoreData;
			sourceTree = "<group>";
		};
		569219CD2AB2F908001E9A58 /* Preview Content */ = {
			isa = PBXGroup;
			children = (
				569219CE2AB2F908001E9A58 /* Preview Assets.xcassets */,
			);
			path = "Preview Content";
			sourceTree = "<group>";
		};
		569219D72AB2F909001E9A58 /* StudentCoreDataTests */ = {
			isa = PBXGroup;
			children = (
				569219D82AB2F909001E9A58 /* StudentCoreDataTests.swift */,
			);
			path = StudentCoreDataTests;
			sourceTree = "<group>";
		};
		569219E12AB2F909001E9A58 /* StudentCoreDataUITests */ = {
			isa = PBXGroup;
			children = (
				569219E22AB2F909001E9A58 /* StudentCoreDataUITests.swift */,
				569219E42AB2F909001E9A58 /* StudentCoreDataUITestsLaunchTests.swift */,
			);
			path = StudentCoreDataUITests;
			sourceTree = "<group>";
		};
/* End PBXGroup section */

/* Begin PBXNativeTarget section */
		569219C32AB2F907001E9A58 /* StudentCoreData */ = {
			isa = PBXNativeTarget;
			buildConfigurationList = 569219E82AB2F909001E9A58 /* Build configuration list for PBXNativeTarget "StudentCoreData" */;
			buildPhases = (
				569219C02AB2F907001E9A58 /* Sources */,
				569219C12AB2F907001E9A58 /* Frameworks */,
				569219C22AB2F907001E9A58 /* Resources */,
			);
			buildRules = (
			);
			dependencies = (
			);
			name = StudentCoreData;
			productName = StudentCoreData;
			productReference = 569219C42AB2F907001E9A58 /* StudentCoreData.app */;
			productType = "com.apple.product-type.application";
		};
		569219D32AB2F909001E9A58 /* StudentCoreDataTests */ = {
			isa = PBXNativeTarget;
			buildConfigurationList = 569219EB2AB2F909001E9A58 /* Build configuration list for PBXNativeTarget "StudentCoreDataTests" */;
			buildPhases = (
				569219D02AB2F909001E9A58 /* Sources */,
				569219D12AB2F909001E9A58 /* Frameworks */,
				569219D22AB2F909001E9A58 /* Resources */,
			);
			buildRules = (
			);
			dependencies = (
				569219D62AB2F909001E9A58 /* PBXTargetDependency */,
			);
			name = StudentCoreDataTests;
			productName = StudentCoreDataTests;
			productReference = 569219D42AB2F909001E9A58 /* StudentCoreDataTests.xctest */;
			productType = "com.apple.product-type.bundle.unit-test";
		};
		569219DD2AB2F909001E9A58 /* StudentCoreDataUITests */ = {
			isa = PBXNativeTarget;
			buildConfigurationList = 569219EE2AB2F909001E9A58 /* Build configuration list for PBXNativeTarget "StudentCoreDataUITests" */;
			buildPhases = (
				569219DA2AB2F909001E9A58 /* Sources */,
				569219DB2AB2F909001E9A58 /* Frameworks */,
				569219DC2AB2F909001E9A58 /* Resources */,
			);
			buildRules = (
			);
			dependencies = (
				569219E02AB2F909001E9A58 /* PBXTargetDependency */,
			);
			name = StudentCoreDataUITests;
			productName = StudentCoreDataUITests;
			productReference = 569219DE2AB2F909001E9A58 /* StudentCoreDataUITests.xctest */;
			productType = "com.apple.product-type.bundle.ui-testing";
		};
/* End PBXNativeTarget section */

/* Begin PBXProject section */
		569219BC2AB2F907001E9A58 /* Project object */ = {
			isa = PBXProject;
			attributes = {
				BuildIndependentTargetsInParallel = 1;
				LastSwiftUpdateCheck = 1430;
				LastUpgradeCheck = 1430;
				TargetAttributes = {
					569219C32AB2F907001E9A58 = {
						CreatedOnToolsVersion = 14.3.1;
					};
					569219D32AB2F909001E9A58 = {
						CreatedOnToolsVersion = 14.3.1;
						TestTargetID = 569219C32AB2F907001E9A58;
					};
					569219DD2AB2F909001E9A58 = {
						CreatedOnToolsVersion = 14.3.1;
						TestTargetID = 569219C32AB2F907001E9A58;
					};
				};
			};
			buildConfigurationList = 569219BF2AB2F907001E9A58 /* Build configuration list for PBXProject "StudentCoreData" */;
			compatibilityVersion = "Xcode 14.0";
			developmentRegion = en;
			hasScannedForEncodings = 0;
			knownRegions = (
				en,
				Base,
			);
			mainGroup = 569219BB2AB2F907001E9A58;
			productRefGroup = 569219C52AB2F907001E9A58 /* Products */;
			projectDirPath = "";
			projectRoot = "";
			targets = (
				569219C32AB2F907001E9A58 /* StudentCoreData */,
				569219D32AB2F909001E9A58 /* StudentCoreDataTests */,
				569219DD2AB2F909001E9A58 /* StudentCoreDataUITests */,
			);
		};
/* End PBXProject section */

/* Begin PBXResourcesBuildPhase section */
		569219C22AB2F907001E9A58 /* Resources */ = {
			isa = PBXResourcesBuildPhase;
			buildActionMask = 2147483647;
			files = (
				569219CF2AB2F908001E9A58 /* Preview Assets.xcassets in Resources */,
				569219CC2AB2F908001E9A58 /* Assets.xcassets in Resources */,
			);
			runOnlyForDeploymentPostprocessing = 0;
		};
		569219D22AB2F909001E9A58 /* Resources */ = {
			isa = PBXResourcesBuildPhase;
			buildActionMask = 2147483647;
			files = (
			);
			runOnlyForDeploymentPostprocessing = 0;
		};
		569219DC2AB2F909001E9A58 /* Resources */ = {
			isa = PBXResourcesBuildPhase;
			buildActionMask = 2147483647;
			files = (
			);
			runOnlyForDeploymentPostprocessing = 0;
		};
/* End PBXResourcesBuildPhase section */

/* Begin PBXSourcesBuildPhase section */
		569219C02AB2F907001E9A58 /* Sources */ = {
			isa = PBXSourcesBuildPhase;
			buildActionMask = 2147483647;
			files = (
				569219F32AB2F99A001E9A58 /* StudentCoreDataModel.xcdatamodeld in Sources */,
				569219CA2AB2F907001E9A58 /* ContentView.swift in Sources */,
				569219F52AB3028C001E9A58 /* CoreDataManager.swift in Sources */,
				569219F72AB3037A001E9A58 /* StudentDetail.swift in Sources */,
				569219C82AB2F907001E9A58 /* StudentCoreDataApp.swift in Sources */,
			);
			runOnlyForDeploymentPostprocessing = 0;
		};
		569219D02AB2F909001E9A58 /* Sources */ = {
			isa = PBXSourcesBuildPhase;
			buildActionMask = 2147483647;
			files = (
				569219D92AB2F909001E9A58 /* StudentCoreDataTests.swift in Sources */,
			);
			runOnlyForDeploymentPostprocessing = 0;
		};
		569219DA2AB2F909001E9A58 /* Sources */ = {
			isa = PBXSourcesBuildPhase;
			buildActionMask = 2147483647;
			files = (
				569219E32AB2F909001E9A58 /* StudentCoreDataUITests.swift in Sources */,
				569219E52AB2F909001E9A58 /* StudentCoreDataUITestsLaunchTests.swift in Sources */,
			);
			runOnlyForDeploymentPostprocessing = 0;
		};
/* End PBXSourcesBuildPhase section */

/* Begin PBXTargetDependency section */
		569219D62AB2F909001E9A58 /* PBXTargetDependency */ = {
			isa = PBXTargetDependency;
			target = 569219C32AB2F907001E9A58 /* StudentCoreData */;
			targetProxy = 569219D52AB2F909001E9A58 /* PBXContainerItemProxy */;
		};
		569219E02AB2F909001E9A58 /* PBXTargetDependency */ = {
			isa = PBXTargetDependency;
			target = 569219C32AB2F907001E9A58 /* StudentCoreData */;
			targetProxy = 569219DF2AB2F909001E9A58 /* PBXContainerItemProxy */;
		};
/* End PBXTargetDependency section */

/* Begin XCBuildConfiguration section */
		569219E62AB2F909001E9A58 /* Debug */ = {
			isa = XCBuildConfiguration;
			buildSettings = {
				ALWAYS_SEARCH_USER_PATHS = NO;
				CLANG_ANALYZER_NONNULL = YES;
				CLANG_ANALYZER_NUMBER_OBJECT_CONVERSION = YES_AGGRESSIVE;
				CLANG_CXX_LANGUAGE_STANDARD = "gnu++20";
				CLANG_ENABLE_MODULES = YES;
				CLANG_ENABLE_OBJC_ARC = YES;
				CLANG_ENABLE_OBJC_WEAK = YES;
				CLANG_WARN_BLOCK_CAPTURE_AUTORELEASING = YES;
				CLANG_WARN_BOOL_CONVERSION = YES;
				CLANG_WARN_COMMA = YES;
				CLANG_WARN_CONSTANT_CONVERSION = YES;
				CLANG_WARN_DEPRECATED_OBJC_IMPLEMENTATIONS = YES;
				CLANG_WARN_DIRECT_OBJC_ISA_USAGE = YES_ERROR;
				CLANG_WARN_DOCUMENTATION_COMMENTS = YES;
				CLANG_WARN_EMPTY_BODY = YES;
				CLANG_WARN_ENUM_CONVERSION = YES;
				CLANG_WARN_INFINITE_RECURSION = YES;
				CLANG_WARN_INT_CONVERSION = YES;
				CLANG_WARN_NON_LITERAL_NULL_CONVERSION = YES;
				CLANG_WARN_OBJC_IMPLICIT_RETAIN_SELF = YES;
				CLANG_WARN_OBJC_LITERAL_CONVERSION = YES;
				CLANG_WARN_OBJC_ROOT_CLASS = YES_ERROR;
				CLANG_WARN_QUOTED_INCLUDE_IN_FRAMEWORK_HEADER = YES;
				CLANG_WARN_RANGE_LOOP_ANALYSIS = YES;
				CLANG_WARN_STRICT_PROTOTYPES = YES;
				CLANG_WARN_SUSPICIOUS_MOVE = YES;
				CLANG_WARN_UNGUARDED_AVAILABILITY = YES_AGGRESSIVE;
				CLANG_WARN_UNREACHABLE_CODE = YES;
				CLANG_WARN__DUPLICATE_METHOD_MATCH = YES;
				COPY_PHASE_STRIP = NO;
				DEBUG_INFORMATION_FORMAT = dwarf;
				ENABLE_STRICT_OBJC_MSGSEND = YES;
				ENABLE_TESTABILITY = YES;
				GCC_C_LANGUAGE_STANDARD = gnu11;
				GCC_DYNAMIC_NO_PIC = NO;
				GCC_NO_COMMON_BLOCKS = YES;
				GCC_OPTIMIZATION_LEVEL = 0;
				GCC_PREPROCESSOR_DEFINITIONS = (
					"DEBUG=1",
					"$(inherited)",
				);
				GCC_WARN_64_TO_32_BIT_CONVERSION = YES;
				GCC_WARN_ABOUT_RETURN_TYPE = YES_ERROR;
				GCC_WARN_UNDECLARED_SELECTOR = YES;
				GCC_WARN_UNINITIALIZED_AUTOS = YES_AGGRESSIVE;
				GCC_WARN_UNUSED_FUNCTION = YES;
				GCC_WARN_UNUSED_VARIABLE = YES;
				IPHONEOS_DEPLOYMENT_TARGET = 16.4;
				MTL_ENABLE_DEBUG_INFO = INCLUDE_SOURCE;
				MTL_FAST_MATH = YES;
				ONLY_ACTIVE_ARCH = YES;
				SDKROOT = iphoneos;
				SWIFT_ACTIVE_COMPILATION_CONDITIONS = DEBUG;
				SWIFT_OPTIMIZATION_LEVEL = "-Onone";
			};
			name = Debug;
		};
		569219E72AB2F909001E9A58 /* Release */ = {
			isa = XCBuildConfiguration;
			buildSettings = {
				ALWAYS_SEARCH_USER_PATHS = NO;
				CLANG_ANALYZER_NONNULL = YES;
				CLANG_ANALYZER_NUMBER_OBJECT_CONVERSION = YES_AGGRESSIVE;
				CLANG_CXX_LANGUAGE_STANDARD = "gnu++20";
				CLANG_ENABLE_MODULES = YES;
				CLANG_ENABLE_OBJC_ARC = YES;
				CLANG_ENABLE_OBJC_WEAK = YES;
				CLANG_WARN_BLOCK_CAPTURE_AUTORELEASING = YES;
				CLANG_WARN_BOOL_CONVERSION = YES;
				CLANG_WARN_COMMA = YES;
				CLANG_WARN_CONSTANT_CONVERSION = YES;
				CLANG_WARN_DEPRECATED_OBJC_IMPLEMENTATIONS = YES;
				CLANG_WARN_DIRECT_OBJC_ISA_USAGE = YES_ERROR;
				CLANG_WARN_DOCUMENTATION_COMMENTS = YES;
				CLANG_WARN_EMPTY_BODY = YES;
				CLANG_WARN_ENUM_CONVERSION = YES;
				CLANG_WARN_INFINITE_RECURSION = YES;
				CLANG_WARN_INT_CONVERSION = YES;
				CLANG_WARN_NON_LITERAL_NULL_CONVERSION = YES;
				CLANG_WARN_OBJC_IMPLICIT_RETAIN_SELF = YES;
				CLANG_WARN_OBJC_LITERAL_CONVERSION = YES;
				CLANG_WARN_OBJC_ROOT_CLASS = YES_ERROR;
				CLANG_WARN_QUOTED_INCLUDE_IN_FRAMEWORK_HEADER = YES;
				CLANG_WARN_RANGE_LOOP_ANALYSIS = YES;
				CLANG_WARN_STRICT_PROTOTYPES = YES;
				CLANG_WARN_SUSPICIOUS_MOVE = YES;
				CLANG_WARN_UNGUARDED_AVAILABILITY = YES_AGGRESSIVE;
				CLANG_WARN_UNREACHABLE_CODE = YES;
				CLANG_WARN__DUPLICATE_METHOD_MATCH = YES;
				COPY_PHASE_STRIP = NO;
				DEBUG_INFORMATION_FORMAT = "dwarf-with-dsym";
				ENABLE_NS_ASSERTIONS = NO;
				ENABLE_STRICT_OBJC_MSGSEND = YES;
				GCC_C_LANGUAGE_STANDARD = gnu11;
				GCC_NO_COMMON_BLOCKS = YES;
				GCC_WARN_64_TO_32_BIT_CONVERSION = YES;
				GCC_WARN_ABOUT_RETURN_TYPE = YES_ERROR;
				GCC_WARN_UNDECLARED_SELECTOR = YES;
				GCC_WARN_UNINITIALIZED_AUTOS = YES_AGGRESSIVE;
				GCC_WARN_UNUSED_FUNCTION = YES;
				GCC_WARN_UNUSED_VARIABLE = YES;
				IPHONEOS_DEPLOYMENT_TARGET = 16.4;
				MTL_ENABLE_DEBUG_INFO = NO;
				MTL_FAST_MATH = YES;
				SDKROOT = iphoneos;
				SWIFT_COMPILATION_MODE = wholemodule;
				SWIFT_OPTIMIZATION_LEVEL = "-O";
				VALIDATE_PRODUCT = YES;
			};
			name = Release;
		};
		569219E92AB2F909001E9A58 /* Debug */ = {
			isa = XCBuildConfiguration;
			buildSettings = {
				ASSETCATALOG_COMPILER_APPICON_NAME = AppIcon;
				ASSETCATALOG_COMPILER_GLOBAL_ACCENT_COLOR_NAME = AccentColor;
				CODE_SIGN_STYLE = Automatic;
				CURRENT_PROJECT_VERSION = 1;
				DEVELOPMENT_ASSET_PATHS = "\"StudentCoreData/Preview Content\"";
				ENABLE_PREVIEWS = YES;
				GENERATE_INFOPLIST_FILE = YES;
				INFOPLIST_KEY_UIApplicationSceneManifest_Generation = YES;
				INFOPLIST_KEY_UIApplicationSupportsIndirectInputEvents = YES;
				INFOPLIST_KEY_UILaunchScreen_Generation = YES;
				INFOPLIST_KEY_UISupportedInterfaceOrientations_iPad = "UIInterfaceOrientationPortrait UIInterfaceOrientationPortraitUpsideDown UIInterfaceOrientationLandscapeLeft UIInterfaceOrientationLandscapeRight";
				INFOPLIST_KEY_UISupportedInterfaceOrientations_iPhone = "UIInterfaceOrientationPortrait UIInterfaceOrientationLandscapeLeft UIInterfaceOrientationLandscapeRight";
				LD_RUNPATH_SEARCH_PATHS = (
					"$(inherited)",
					"@executable_path/Frameworks",
				);
				MARKETING_VERSION = 1.0;
				PRODUCT_BUNDLE_IDENTIFIER = johnDeere.StudentCoreData;
				PRODUCT_NAME = "$(TARGET_NAME)";
				SWIFT_EMIT_LOC_STRINGS = YES;
				SWIFT_VERSION = 5.0;
				TARGETED_DEVICE_FAMILY = "1,2";
			};
			name = Debug;
		};
		569219EA2AB2F909001E9A58 /* Release */ = {
			isa = XCBuildConfiguration;
			buildSettings = {
				ASSETCATALOG_COMPILER_APPICON_NAME = AppIcon;
				ASSETCATALOG_COMPILER_GLOBAL_ACCENT_COLOR_NAME = AccentColor;
				CODE_SIGN_STYLE = Automatic;
				CURRENT_PROJECT_VERSION = 1;
				DEVELOPMENT_ASSET_PATHS = "\"StudentCoreData/Preview Content\"";
				ENABLE_PREVIEWS = YES;
				GENERATE_INFOPLIST_FILE = YES;
				INFOPLIST_KEY_UIApplicationSceneManifest_Generation = YES;
				INFOPLIST_KEY_UIApplicationSupportsIndirectInputEvents = YES;
				INFOPLIST_KEY_UILaunchScreen_Generation = YES;
				INFOPLIST_KEY_UISupportedInterfaceOrientations_iPad = "UIInterfaceOrientationPortrait UIInterfaceOrientationPortraitUpsideDown UIInterfaceOrientationLandscapeLeft UIInterfaceOrientationLandscapeRight";
				INFOPLIST_KEY_UISupportedInterfaceOrientations_iPhone = "UIInterfaceOrientationPortrait UIInterfaceOrientationLandscapeLeft UIInterfaceOrientationLandscapeRight";
				LD_RUNPATH_SEARCH_PATHS = (
					"$(inherited)",
					"@executable_path/Frameworks",
				);
				MARKETING_VERSION = 1.0;
				PRODUCT_BUNDLE_IDENTIFIER = johnDeere.StudentCoreData;
				PRODUCT_NAME = "$(TARGET_NAME)";
				SWIFT_EMIT_LOC_STRINGS = YES;
				SWIFT_VERSION = 5.0;
				TARGETED_DEVICE_FAMILY = "1,2";
			};
			name = Release;
		};
		569219EC2AB2F909001E9A58 /* Debug */ = {
			isa = XCBuildConfiguration;
			buildSettings = {
				ALWAYS_EMBED_SWIFT_STANDARD_LIBRARIES = YES;
				BUNDLE_LOADER = "$(TEST_HOST)";
				CODE_SIGN_STYLE = Automatic;
				CURRENT_PROJECT_VERSION = 1;
				GENERATE_INFOPLIST_FILE = YES;
				IPHONEOS_DEPLOYMENT_TARGET = 16.4;
				MARKETING_VERSION = 1.0;
				PRODUCT_BUNDLE_IDENTIFIER = johnDeere.StudentCoreDataTests;
				PRODUCT_NAME = "$(TARGET_NAME)";
				SWIFT_EMIT_LOC_STRINGS = NO;
				SWIFT_VERSION = 5.0;
				TARGETED_DEVICE_FAMILY = "1,2";
				TEST_HOST = "$(BUILT_PRODUCTS_DIR)/StudentCoreData.app/$(BUNDLE_EXECUTABLE_FOLDER_PATH)/StudentCoreData";
			};
			name = Debug;
		};
		569219ED2AB2F909001E9A58 /* Release */ = {
			isa = XCBuildConfiguration;
			buildSettings = {
				ALWAYS_EMBED_SWIFT_STANDARD_LIBRARIES = YES;
				BUNDLE_LOADER = "$(TEST_HOST)";
				CODE_SIGN_STYLE = Automatic;
				CURRENT_PROJECT_VERSION = 1;
				GENERATE_INFOPLIST_FILE = YES;
				IPHONEOS_DEPLOYMENT_TARGET = 16.4;
				MARKETING_VERSION = 1.0;
				PRODUCT_BUNDLE_IDENTIFIER = johnDeere.StudentCoreDataTests;
				PRODUCT_NAME = "$(TARGET_NAME)";
				SWIFT_EMIT_LOC_STRINGS = NO;
				SWIFT_VERSION = 5.0;
				TARGETED_DEVICE_FAMILY = "1,2";
				TEST_HOST = "$(BUILT_PRODUCTS_DIR)/StudentCoreData.app/$(BUNDLE_EXECUTABLE_FOLDER_PATH)/StudentCoreData";
			};
			name = Release;
		};
		569219EF2AB2F909001E9A58 /* Debug */ = {
			isa = XCBuildConfiguration;
			buildSettings = {
				ALWAYS_EMBED_SWIFT_STANDARD_LIBRARIES = YES;
				CODE_SIGN_STYLE = Automatic;
				CURRENT_PROJECT_VERSION = 1;
				GENERATE_INFOPLIST_FILE = YES;
				MARKETING_VERSION = 1.0;
				PRODUCT_BUNDLE_IDENTIFIER = johnDeere.StudentCoreDataUITests;
				PRODUCT_NAME = "$(TARGET_NAME)";
				SWIFT_EMIT_LOC_STRINGS = NO;
				SWIFT_VERSION = 5.0;
				TARGETED_DEVICE_FAMILY = "1,2";
				TEST_TARGET_NAME = StudentCoreData;
			};
			name = Debug;
		};
		569219F02AB2F909001E9A58 /* Release */ = {
			isa = XCBuildConfiguration;
			buildSettings = {
				ALWAYS_EMBED_SWIFT_STANDARD_LIBRARIES = YES;
				CODE_SIGN_STYLE = Automatic;
				CURRENT_PROJECT_VERSION = 1;
				GENERATE_INFOPLIST_FILE = YES;
				MARKETING_VERSION = 1.0;
				PRODUCT_BUNDLE_IDENTIFIER = johnDeere.StudentCoreDataUITests;
				PRODUCT_NAME = "$(TARGET_NAME)";
				SWIFT_EMIT_LOC_STRINGS = NO;
				SWIFT_VERSION = 5.0;
				TARGETED_DEVICE_FAMILY = "1,2";
				TEST_TARGET_NAME = StudentCoreData;
			};
			name = Release;
		};
/* End XCBuildConfiguration section */

/* Begin XCConfigurationList section */
		569219BF2AB2F907001E9A58 /* Build configuration list for PBXProject "StudentCoreData" */ = {
			isa = XCConfigurationList;
			buildConfigurations = (
				569219E62AB2F909001E9A58 /* Debug */,
				569219E72AB2F909001E9A58 /* Release */,
			);
			defaultConfigurationIsVisible = 0;
			defaultConfigurationName = Release;
		};
		569219E82AB2F909001E9A58 /* Build configuration list for PBXNativeTarget "StudentCoreData" */ = {
			isa = XCConfigurationList;
			buildConfigurations = (
				569219E92AB2F909001E9A58 /* Debug */,
				569219EA2AB2F909001E9A58 /* Release */,
			);
			defaultConfigurationIsVisible = 0;
			defaultConfigurationName = Release;
		};
		569219EB2AB2F909001E9A58 /* Build configuration list for PBXNativeTarget "StudentCoreDataTests" */ = {
			isa = XCConfigurationList;
			buildConfigurations = (
				569219EC2AB2F909001E9A58 /* Debug */,
				569219ED2AB2F909001E9A58 /* Release */,
			);
			defaultConfigurationIsVisible = 0;
			defaultConfigurationName = Release;
		};
		569219EE2AB2F909001E9A58 /* Build configuration list for PBXNativeTarget "StudentCoreDataUITests" */ = {
			isa = XCConfigurationList;
			buildConfigurations = (
				569219EF2AB2F909001E9A58 /* Debug */,
				569219F02AB2F909001E9A58 /* Release */,
			);
			defaultConfigurationIsVisible = 0;
			defaultConfigurationName = Release;
		};
/* End XCConfigurationList section */

/* Begin XCVersionGroup section */
		569219F12AB2F99A001E9A58 /* StudentCoreDataModel.xcdatamodeld */ = {
			isa = XCVersionGroup;
			children = (
				569219F22AB2F99A001E9A58 /* StudentCoreDataModel.xcdatamodel */,
			);
			currentVersion = 569219F22AB2F99A001E9A58 /* StudentCoreDataModel.xcdatamodel */;
			path = StudentCoreDataModel.xcdatamodeld;
			sourceTree = "<group>";
			versionGroupType = wrapper.xcdatamodel;
		};
/* End XCVersionGroup section */
	};
	rootObject = 569219BC2AB2F907001E9A58 /* Project object */;
}
